
Microsoft Visual Studio Solution File, Format Version 12.00
# Visual Studio 15
VisualStudioVersion = 15.0.28307.852
MinimumVisualStudioVersion = 10.0.40219.1
Project("{FAE04EC0-301F-11D3-BF4B-00C04F79EFBC}") = "InventoryManagement", "InventoryManagement\InventoryManagement.csproj", "{31A3204A-3FAD-45B3-A295-2D4F39C5D1B1}"
EndProject
Project("{FAE04EC0-301F-11D3-BF4B-00C04F79EFBC}") = "InventoryManagement.Model", "InventoryManagement.Model\InventoryManagement.Model.csproj", "{63541C44-C5D0-4110-8995-D1CCE67F1C0C}"
EndProject
Project("{FAE04EC0-301F-11D3-BF4B-00C04F79EFBC}") = "InventoryManagement.Service", "InventoryManagement.Service\InventoryManagement.Service.csproj", "{C37A22DA-9F44-4261-8DFC-8E21DF28B414}"
EndProject
Project("{FAE04EC0-301F-11D3-BF4B-00C04F79EFBC}") = "InventoryManagement.Interface", "InventoryManagement.Interface\InventoryManagement.Interface.csproj", "{49750C92-0352-4BE2-8CD5-34C9F8C18A9E}"
EndProject
Global
	GlobalSection(SolutionConfigurationPlatforms) = preSolution
		Debug|Any CPU = Debug|Any CPU
		Release|Any CPU = Release|Any CPU
	EndGlobalSection
	GlobalSection(ProjectConfigurationPlatforms) = postSolution
		{31A3204A-3FAD-45B3-A295-2D4F39C5D1B1}.Debug|Any CPU.ActiveCfg = Debug|Any CPU
		{31A3204A-3FAD-45B3-A295-2D4F39C5D1B1}.Debug|Any CPU.Build.0 = Debug|Any CPU
		{31A3204A-3FAD-45B3-A295-2D4F39C5D1B1}.Release|Any CPU.ActiveCfg = Release|Any CPU
		{31A3204A-3FAD-45B3-A295-2D4F39C5D1B1}.Release|Any CPU.Build.0 = Release|Any CPU
		{63541C44-C5D0-4110-8995-D1CCE67F1C0C}.Debug|Any CPU.ActiveCfg = Debug|Any CPU
		{63541C44-C5D0-4110-8995-D1CCE67F1C0C}.Debug|Any CPU.Build.0 = Debug|Any CPU
		{63541C44-C5D0-4110-8995-D1CCE67F1C0C}.Release|Any CPU.ActiveCfg = Release|Any CPU
		{63541C44-C5D0-4110-8995-D1CCE67F1C0C}.Release|Any CPU.Build.0 = Release|Any CPU
		{C37A22DA-9F44-4261-8DFC-8E21DF28B414}.Debug|Any CPU.ActiveCfg = Debug|Any CPU
		{C37A22DA-9F44-4261-8DFC-8E21DF28B414}.Debug|Any CPU.Build.0 = Debug|Any CPU
		{C37A22DA-9F44-4261-8DFC-8E21DF28B414}.Release|Any CPU.ActiveCfg = Release|Any CPU
		{C37A22DA-9F44-4261-8DFC-8E21DF28B414}.Release|Any CPU.Build.0 = Release|Any CPU
		{49750C92-0352-4BE2-8CD5-34C9F8C18A9E}.Debug|Any CPU.ActiveCfg = Debug|Any CPU
		{49750C92-0352-4BE2-8CD5-34C9F8C18A9E}.Debug|Any CPU.Build.0 = Debug|Any CPU
		{49750C92-0352-4BE2-8CD5-34C9F8C18A9E}.Release|Any CPU.ActiveCfg = Release|Any CPU
		{49750C92-0352-4BE2-8CD5-34C9F8C18A9E}.Release|Any CPU.Build.0 = Release|Any CPU
	EndGlobalSection
	GlobalSection(SolutionProperties) = preSolution
		HideSolutionNode = FALSE
	EndGlobalSection
	GlobalSection(ExtensibilityGlobals) = postSolution
		SolutionGuid = {FF4863D5-5332-4FDA-B6E1-6BAC2D60E15C}
	EndGlobalSection
EndGlobal
